{
    "name": "phoenix-shell-console",
    "version": "0.0.1",
    "lockfileVersion": 2,
    "requires": true,
    "packages": {
        "": {
            "name": "phoenix-shell-console",
            "version": "0.0.1",
            "license": "MIT",
            "engines": {
                "brackets": ">=2.0.0"
            }
        }
    }
}
